
Microsoft Visual Studio Solution File, Format Version 12.00
# Visual Studio 2013
VisualStudioVersion = 12.0.30501.0
MinimumVisualStudioVersion = 10.0.40219.1
Project("{FAE04EC0-301F-11D3-BF4B-00C04F79EFBC}") = "kmeans", "kmeans\kmeans.csproj", "{ADBE7D45-23EC-4D96-BF34-D0F371FF181F}"
EndProject
Global
	GlobalSection(SolutionConfigurationPlatforms) = preSolution
		Debug|Any CPU = Debug|Any CPU
		Release|Any CPU = Release|Any CPU
	EndGlobalSection
	GlobalSection(ProjectConfigurationPlatforms) = postSolution
		{ADBE7D45-23EC-4D96-BF34-D0F371FF181F}.Debug|Any CPU.ActiveCfg = Debug|Any CPU
		{ADBE7D45-23EC-4D96-BF34-D0F371FF181F}.Debug|Any CPU.Build.0 = Debug|Any CPU
		{ADBE7D45-23EC-4D96-BF34-D0F371FF181F}.Release|Any CPU.ActiveCfg = Release|Any CPU
		{ADBE7D45-23EC-4D96-BF34-D0F371FF181F}.Release|Any CPU.Build.0 = Release|Any CPU
	EndGlobalSection
	GlobalSection(SolutionProperties) = preSolution
		HideSolutionNode = FALSE
	EndGlobalSection
EndGlobal
